// !$*UTF8*$!
{
	archiveVersion = 1;
	classes = {
	};
	objectVersion = 55;
	objects = {

/* Begin PBXBuildFile section */
		AF2734142C48F749009EB202 /* MyMovieCell.swift in Sources */ = {isa = PBXBuildFile; fileRef = AF2734122C48F749009EB202 /* MyMovieCell.swift */; };
		AF2734182C4912CD009EB202 /* NetworkManager.swift in Sources */ = {isa = PBXBuildFile; fileRef = AF2734172C4912CD009EB202 /* NetworkManager.swift */; };
		AF27341B2C4918AE009EB202 /* Constants.swift in Sources */ = {isa = PBXBuildFile; fileRef = AF27341A2C4918AE009EB202 /* Constants.swift */; };
		AF3D34AD2C64C76D005C5709 /* SearchResultViewController.swift in Sources */ = {isa = PBXBuildFile; fileRef = AF3D34AC2C64C76D005C5709 /* SearchResultViewController.swift */; };
		AF3D34B12C64CBD9005C5709 /* MovieCollectionViewCell.swift in Sources */ = {isa = PBXBuildFile; fileRef = AF3D34B02C64CBD9005C5709 /* MovieCollectionViewCell.swift */; };
		AF4BCF262C3BCC1500B25547 /* Movie.swift in Sources */ = {isa = PBXBuildFile; fileRef = AF4BCF252C3BCC1500B25547 /* Movie.swift */; };
		AF99BBD72C3BF0BC00EFD135 /* ViewController.swift in Sources */ = {isa = PBXBuildFile; fileRef = AF99BBD62C3BF0BC00EFD135 /* ViewController.swift */; };
		AFF82FB52C5B8D53008A4320 /* MyMovieCell.xib in Resources */ = {isa = PBXBuildFile; fileRef = AF2734132C48F749009EB202 /* MyMovieCell.xib */; };
		AFFEA8752C35272100A904DE /* AppDelegate.swift in Sources */ = {isa = PBXBuildFile; fileRef = AFFEA8742C35272100A904DE /* AppDelegate.swift */; };
		AFFEA8772C35272100A904DE /* SceneDelegate.swift in Sources */ = {isa = PBXBuildFile; fileRef = AFFEA8762C35272100A904DE /* SceneDelegate.swift */; };
		AFFEA87C2C35272100A904DE /* Main.storyboard in Resources */ = {isa = PBXBuildFile; fileRef = AFFEA87A2C35272100A904DE /* Main.storyboard */; };
		AFFEA87E2C35272300A904DE /* Assets.xcassets in Resources */ = {isa = PBXBuildFile; fileRef = AFFEA87D2C35272300A904DE /* Assets.xcassets */; };
		AFFEA8812C35272300A904DE /* LaunchScreen.storyboard in Resources */ = {isa = PBXBuildFile; fileRef = AFFEA87F2C35272300A904DE /* LaunchScreen.storyboard */; };
/* End PBXBuildFile section */

/* Begin PBXFileReference section */
		AF2734122C48F749009EB202 /* MyMovieCell.swift */ = {isa = PBXFileReference; lastKnownFileType = sourcecode.swift; path = MyMovieCell.swift; sourceTree = "<group>"; };
		AF2734132C48F749009EB202 /* MyMovieCell.xib */ = {isa = PBXFileReference; lastKnownFileType = file.xib; path = MyMovieCell.xib; sourceTree = "<group>"; };
		AF2734172C4912CD009EB202 /* NetworkManager.swift */ = {isa = PBXFileReference; lastKnownFileType = sourcecode.swift; path = NetworkManager.swift; sourceTree = "<group>"; };
		AF27341A2C4918AE009EB202 /* Constants.swift */ = {isa = PBXFileReference; lastKnownFileType = sourcecode.swift; path = Constants.swift; sourceTree = "<group>"; };
		AF3D34AC2C64C76D005C5709 /* SearchResultViewController.swift */ = {isa = PBXFileReference; lastKnownFileType = sourcecode.swift; path = SearchResultViewController.swift; sourceTree = "<group>"; };
		AF3D34B02C64CBD9005C5709 /* MovieCollectionViewCell.swift */ = {isa = PBXFileReference; lastKnownFileType = sourcecode.swift; path = MovieCollectionViewCell.swift; sourceTree = "<group>"; };
		AF4BCF252C3BCC1500B25547 /* Movie.swift */ = {isa = PBXFileReference; lastKnownFileType = sourcecode.swift; path = Movie.swift; sourceTree = "<group>"; };
		AF99BBD62C3BF0BC00EFD135 /* ViewController.swift */ = {isa = PBXFileReference; lastKnownFileType = sourcecode.swift; path = ViewController.swift; sourceTree = "<group>"; };
		AFFEA8712C35272100A904DE /* MovieApp.app */ = {isa = PBXFileReference; explicitFileType = wrapper.application; includeInIndex = 0; path = MovieApp.app; sourceTree = BUILT_PRODUCTS_DIR; };
		AFFEA8742C35272100A904DE /* AppDelegate.swift */ = {isa = PBXFileReference; lastKnownFileType = sourcecode.swift; path = AppDelegate.swift; sourceTree = "<group>"; };
		AFFEA8762C35272100A904DE /* SceneDelegate.swift */ = {isa = PBXFileReference; lastKnownFileType = sourcecode.swift; path = SceneDelegate.swift; sourceTree = "<group>"; };
		AFFEA87B2C35272100A904DE /* Base */ = {isa = PBXFileReference; lastKnownFileType = file.storyboard; name = Base; path = Base.lproj/Main.storyboard; sourceTree = "<group>"; };
		AFFEA87D2C35272300A904DE /* Assets.xcassets */ = {isa = PBXFileReference; lastKnownFileType = folder.assetcatalog; path = Assets.xcassets; sourceTree = "<group>"; };
		AFFEA8802C35272300A904DE /* Base */ = {isa = PBXFileReference; lastKnownFileType = file.storyboard; name = Base; path = Base.lproj/LaunchScreen.storyboard; sourceTree = "<group>"; };
		AFFEA8822C35272300A904DE /* Info.plist */ = {isa = PBXFileReference; lastKnownFileType = text.plist.xml; path = Info.plist; sourceTree = "<group>"; };
/* End PBXFileReference section */

/* Begin PBXFrameworksBuildPhase section */
		AFFEA86E2C35272100A904DE /* Frameworks */ = {
			isa = PBXFrameworksBuildPhase;
			buildActionMask = 2147483647;
			files = (
			);
			runOnlyForDeploymentPostprocessing = 0;
		};
/* End PBXFrameworksBuildPhase section */

/* Begin PBXGroup section */
		AF2734162C49128B009EB202 /* Networking */ = {
			isa = PBXGroup;
			children = (
				AF2734172C4912CD009EB202 /* NetworkManager.swift */,
			);
			path = Networking;
			sourceTree = "<group>";
		};
		AF2734192C49188A009EB202 /* Helpers */ = {
			isa = PBXGroup;
			children = (
				AF27341A2C4918AE009EB202 /* Constants.swift */,
			);
			name = Helpers;
			sourceTree = "<group>";
		};
		AFFEA8682C35272100A904DE = {
			isa = PBXGroup;
			children = (
				AFFEA8732C35272100A904DE /* MovieApp */,
				AFFEA8722C35272100A904DE /* Products */,
			);
			sourceTree = "<group>";
		};
		AFFEA8722C35272100A904DE /* Products */ = {
			isa = PBXGroup;
			children = (
				AFFEA8712C35272100A904DE /* MovieApp.app */,
			);
			name = Products;
			sourceTree = "<group>";
		};
		AFFEA8732C35272100A904DE /* MovieApp */ = {
			isa = PBXGroup;
			children = (
				AFFEA8742C35272100A904DE /* AppDelegate.swift */,
				AFFEA8762C35272100A904DE /* SceneDelegate.swift */,
				AF2734192C49188A009EB202 /* Helpers */,
				AF2734162C49128B009EB202 /* Networking */,
				AFFEA8882C352A5500A904DE /* Model */,
				AFFEA8892C352A5E00A904DE /* View */,
				AFFEA88A2C352A6A00A904DE /* Controller */,
				AFFEA87D2C35272300A904DE /* Assets.xcassets */,
				AFFEA87F2C35272300A904DE /* LaunchScreen.storyboard */,
				AFFEA8822C35272300A904DE /* Info.plist */,
			);
			path = MovieApp;
			sourceTree = "<group>";
		};
		AFFEA8882C352A5500A904DE /* Model */ = {
			isa = PBXGroup;
			children = (
				AF4BCF252C3BCC1500B25547 /* Movie.swift */,
			);
			path = Model;
			sourceTree = "<group>";
		};
		AFFEA8892C352A5E00A904DE /* View */ = {
			isa = PBXGroup;
			children = (
				AFFEA87A2C35272100A904DE /* Main.storyboard */,
				AF2734122C48F749009EB202 /* MyMovieCell.swift */,
				AF2734132C48F749009EB202 /* MyMovieCell.xib */,
				AF3D34B02C64CBD9005C5709 /* MovieCollectionViewCell.swift */,
			);
			path = View;
			sourceTree = "<group>";
		};
		AFFEA88A2C352A6A00A904DE /* Controller */ = {
			isa = PBXGroup;
			children = (
				AF99BBD62C3BF0BC00EFD135 /* ViewController.swift */,
				AF3D34AC2C64C76D005C5709 /* SearchResultViewController.swift */,
			);
			path = Controller;
			sourceTree = "<group>";
		};
/* End PBXGroup section */

/* Begin PBXNativeTarget section */
		AFFEA8702C35272100A904DE /* MovieApp */ = {
			isa = PBXNativeTarget;
			buildConfigurationList = AFFEA8852C35272300A904DE /* Build configuration list for PBXNativeTarget "MovieApp" */;
			buildPhases = (
				AFFEA86D2C35272100A904DE /* Sources */,
				AFFEA86E2C35272100A904DE /* Frameworks */,
				AFFEA86F2C35272100A904DE /* Resources */,
			);
			buildRules = (
			);
			dependencies = (
			);
			name = MovieApp;
			productName = MusicApp;
			productReference = AFFEA8712C35272100A904DE /* MovieApp.app */;
			productType = "com.apple.product-type.application";
		};
/* End PBXNativeTarget section */

/* Begin PBXProject section */
		AFFEA8692C35272100A904DE /* Project object */ = {
			isa = PBXProject;
			attributes = {
				BuildIndependentTargetsInParallel = 1;
				LastSwiftUpdateCheck = 1320;
				LastUpgradeCheck = 1320;
				TargetAttributes = {
					AFFEA8702C35272100A904DE = {
						CreatedOnToolsVersion = 13.2;
					};
				};
			};
			buildConfigurationList = AFFEA86C2C35272100A904DE /* Build configuration list for PBXProject "MovieApp" */;
			compatibilityVersion = "Xcode 13.0";
			developmentRegion = en;
			hasScannedForEncodings = 0;
			knownRegions = (
				en,
				Base,
			);
			mainGroup = AFFEA8682C35272100A904DE;
			productRefGroup = AFFEA8722C35272100A904DE /* Products */;
			projectDirPath = "";
			projectRoot = "";
			targets = (
				AFFEA8702C35272100A904DE /* MovieApp */,
			);
		};
/* End PBXProject section */

/* Begin PBXResourcesBuildPhase section */
		AFFEA86F2C35272100A904DE /* Resources */ = {
			isa = PBXResourcesBuildPhase;
			buildActionMask = 2147483647;
			files = (
				AFFEA8812C35272300A904DE /* LaunchScreen.storyboard in Resources */,
				AFFEA87E2C35272300A904DE /* Assets.xcassets in Resources */,
				AFF82FB52C5B8D53008A4320 /* MyMovieCell.xib in Resources */,
				AFFEA87C2C35272100A904DE /* Main.storyboard in Resources */,
			);
			runOnlyForDeploymentPostprocessing = 0;
		};
/* End PBXResourcesBuildPhase section */

/* Begin PBXSourcesBuildPhase section */
		AFFEA86D2C35272100A904DE /* Sources */ = {
			isa = PBXSourcesBuildPhase;
			buildActionMask = 2147483647;
			files = (
				AF2734182C4912CD009EB202 /* NetworkManager.swift in Sources */,
				AFFEA8752C35272100A904DE /* AppDelegate.swift in Sources */,
				AF4BCF262C3BCC1500B25547 /* Movie.swift in Sources */,
				AF2734142C48F749009EB202 /* MyMovieCell.swift in Sources */,
				AF27341B2C4918AE009EB202 /* Constants.swift in Sources */,
				AF99BBD72C3BF0BC00EFD135 /* ViewController.swift in Sources */,
				AF3D34B12C64CBD9005C5709 /* MovieCollectionViewCell.swift in Sources */,
				AF3D34AD2C64C76D005C5709 /* SearchResultViewController.swift in Sources */,
				AFFEA8772C35272100A904DE /* SceneDelegate.swift in Sources */,
			);
			runOnlyForDeploymentPostprocessing = 0;
		};
/* End PBXSourcesBuildPhase section */

/* Begin PBXVariantGroup section */
		AFFEA87A2C35272100A904DE /* Main.storyboard */ = {
			isa = PBXVariantGroup;
			children = (
				AFFEA87B2C35272100A904DE /* Base */,
			);
			name = Main.storyboard;
			sourceTree = "<group>";
		};
		AFFEA87F2C35272300A904DE /* LaunchScreen.storyboard */ = {
			isa = PBXVariantGroup;
			children = (
				AFFEA8802C35272300A904DE /* Base */,
			);
			name = LaunchScreen.storyboard;
			sourceTree = "<group>";
		};
/* End PBXVariantGroup section */

/* Begin XCBuildConfiguration section */
		AFFEA8832C35272300A904DE /* Debug */ = {
			isa = XCBuildConfiguration;
			buildSettings = {
				ALWAYS_SEARCH_USER_PATHS = NO;
				CLANG_ANALYZER_NONNULL = YES;
				CLANG_ANALYZER_NUMBER_OBJECT_CONVERSION = YES_AGGRESSIVE;
				CLANG_CXX_LANGUAGE_STANDARD = "gnu++17";
				CLANG_CXX_LIBRARY = "libc++";
				CLANG_ENABLE_MODULES = YES;
				CLANG_ENABLE_OBJC_ARC = YES;
				CLANG_ENABLE_OBJC_WEAK = YES;
				CLANG_WARN_BLOCK_CAPTURE_AUTORELEASING = YES;
				CLANG_WARN_BOOL_CONVERSION = YES;
				CLANG_WARN_COMMA = YES;
				CLANG_WARN_CONSTANT_CONVERSION = YES;
				CLANG_WARN_DEPRECATED_OBJC_IMPLEMENTATIONS = YES;
				CLANG_WARN_DIRECT_OBJC_ISA_USAGE = YES_ERROR;
				CLANG_WARN_DOCUMENTATION_COMMENTS = YES;
				CLANG_WARN_EMPTY_BODY = YES;
				CLANG_WARN_ENUM_CONVERSION = YES;
				CLANG_WARN_INFINITE_RECURSION = YES;
				CLANG_WARN_INT_CONVERSION = YES;
				CLANG_WARN_NON_LITERAL_NULL_CONVERSION = YES;
				CLANG_WARN_OBJC_IMPLICIT_RETAIN_SELF = YES;
				CLANG_WARN_OBJC_LITERAL_CONVERSION = YES;
				CLANG_WARN_OBJC_ROOT_CLASS = YES_ERROR;
				CLANG_WARN_QUOTED_INCLUDE_IN_FRAMEWORK_HEADER = YES;
				CLANG_WARN_RANGE_LOOP_ANALYSIS = YES;
				CLANG_WARN_STRICT_PROTOTYPES = YES;
				CLANG_WARN_SUSPICIOUS_MOVE = YES;
				CLANG_WARN_UNGUARDED_AVAILABILITY = YES_AGGRESSIVE;
				CLANG_WARN_UNREACHABLE_CODE = YES;
				CLANG_WARN__DUPLICATE_METHOD_MATCH = YES;
				COPY_PHASE_STRIP = NO;
				DEBUG_INFORMATION_FORMAT = dwarf;
				ENABLE_STRICT_OBJC_MSGSEND = YES;
				ENABLE_TESTABILITY = YES;
				GCC_C_LANGUAGE_STANDARD = gnu11;
				GCC_DYNAMIC_NO_PIC = NO;
				GCC_NO_COMMON_BLOCKS = YES;
				GCC_OPTIMIZATION_LEVEL = 0;
				GCC_PREPROCESSOR_DEFINITIONS = (
					"DEBUG=1",
					"$(inherited)",
				);
				GCC_WARN_64_TO_32_BIT_CONVERSION = YES;
				GCC_WARN_ABOUT_RETURN_TYPE = YES_ERROR;
				GCC_WARN_UNDECLARED_SELECTOR = YES;
				GCC_WARN_UNINITIALIZED_AUTOS = YES_AGGRESSIVE;
				GCC_WARN_UNUSED_FUNCTION = YES;
				GCC_WARN_UNUSED_VARIABLE = YES;
				IPHONEOS_DEPLOYMENT_TARGET = 15.2;
				MTL_ENABLE_DEBUG_INFO = INCLUDE_SOURCE;
				MTL_FAST_MATH = YES;
				ONLY_ACTIVE_ARCH = YES;
				SDKROOT = iphoneos;
				SWIFT_ACTIVE_COMPILATION_CONDITIONS = DEBUG;
				SWIFT_OPTIMIZATION_LEVEL = "-Onone";
			};
			name = Debug;
		};
		AFFEA8842C35272300A904DE /* Release */ = {
			isa = XCBuildConfiguration;
			buildSettings = {
				ALWAYS_SEARCH_USER_PATHS = NO;
				CLANG_ANALYZER_NONNULL = YES;
				CLANG_ANALYZER_NUMBER_OBJECT_CONVERSION = YES_AGGRESSIVE;
				CLANG_CXX_LANGUAGE_STANDARD = "gnu++17";
				CLANG_CXX_LIBRARY = "libc++";
				CLANG_ENABLE_MODULES = YES;
				CLANG_ENABLE_OBJC_ARC = YES;
				CLANG_ENABLE_OBJC_WEAK = YES;
				CLANG_WARN_BLOCK_CAPTURE_AUTORELEASING = YES;
				CLANG_WARN_BOOL_CONVERSION = YES;
				CLANG_WARN_COMMA = YES;
				CLANG_WARN_CONSTANT_CONVERSION = YES;
				CLANG_WARN_DEPRECATED_OBJC_IMPLEMENTATIONS = YES;
				CLANG_WARN_DIRECT_OBJC_ISA_USAGE = YES_ERROR;
				CLANG_WARN_DOCUMENTATION_COMMENTS = YES;
				CLANG_WARN_EMPTY_BODY = YES;
				CLANG_WARN_ENUM_CONVERSION = YES;
				CLANG_WARN_INFINITE_RECURSION = YES;
				CLANG_WARN_INT_CONVERSION = YES;
				CLANG_WARN_NON_LITERAL_NULL_CONVERSION = YES;
				CLANG_WARN_OBJC_IMPLICIT_RETAIN_SELF = YES;
				CLANG_WARN_OBJC_LITERAL_CONVERSION = YES;
				CLANG_WARN_OBJC_ROOT_CLASS = YES_ERROR;
				CLANG_WARN_QUOTED_INCLUDE_IN_FRAMEWORK_HEADER = YES;
				CLANG_WARN_RANGE_LOOP_ANALYSIS = YES;
				CLANG_WARN_STRICT_PROTOTYPES = YES;
				CLANG_WARN_SUSPICIOUS_MOVE = YES;
				CLANG_WARN_UNGUARDED_AVAILABILITY = YES_AGGRESSIVE;
				CLANG_WARN_UNREACHABLE_CODE = YES;
				CLANG_WARN__DUPLICATE_METHOD_MATCH = YES;
				COPY_PHASE_STRIP = NO;
				DEBUG_INFORMATION_FORMAT = "dwarf-with-dsym";
				ENABLE_NS_ASSERTIONS = NO;
				ENABLE_STRICT_OBJC_MSGSEND = YES;
				GCC_C_LANGUAGE_STANDARD = gnu11;
				GCC_NO_COMMON_BLOCKS = YES;
				GCC_WARN_64_TO_32_BIT_CONVERSION = YES;
				GCC_WARN_ABOUT_RETURN_TYPE = YES_ERROR;
				GCC_WARN_UNDECLARED_SELECTOR = YES;
				GCC_WARN_UNINITIALIZED_AUTOS = YES_AGGRESSIVE;
				GCC_WARN_UNUSED_FUNCTION = YES;
				GCC_WARN_UNUSED_VARIABLE = YES;
				IPHONEOS_DEPLOYMENT_TARGET = 15.2;
				MTL_ENABLE_DEBUG_INFO = NO;
				MTL_FAST_MATH = YES;
				SDKROOT = iphoneos;
				SWIFT_COMPILATION_MODE = wholemodule;
				SWIFT_OPTIMIZATION_LEVEL = "-O";
				VALIDATE_PRODUCT = YES;
			};
			name = Release;
		};
		AFFEA8862C35272300A904DE /* Debug */ = {
			isa = XCBuildConfiguration;
			buildSettings = {
				ASSETCATALOG_COMPILER_APPICON_NAME = AppIcon;
				ASSETCATALOG_COMPILER_GLOBAL_ACCENT_COLOR_NAME = AccentColor;
				CODE_SIGN_STYLE = Automatic;
				CURRENT_PROJECT_VERSION = 1;
				DEVELOPMENT_TEAM = L4A37PA37L;
				GENERATE_INFOPLIST_FILE = YES;
				INFOPLIST_FILE = MovieApp/Info.plist;
				INFOPLIST_KEY_UIApplicationSupportsIndirectInputEvents = YES;
				INFOPLIST_KEY_UILaunchStoryboardName = LaunchScreen;
				INFOPLIST_KEY_UIMainStoryboardFile = Main;
				INFOPLIST_KEY_UISupportedInterfaceOrientations_iPad = "UIInterfaceOrientationPortrait UIInterfaceOrientationPortraitUpsideDown UIInterfaceOrientationLandscapeLeft UIInterfaceOrientationLandscapeRight";
				INFOPLIST_KEY_UISupportedInterfaceOrientations_iPhone = "UIInterfaceOrientationPortrait UIInterfaceOrientationLandscapeLeft UIInterfaceOrientationLandscapeRight";
				LD_RUNPATH_SEARCH_PATHS = (
					"$(inherited)",
					"@executable_path/Frameworks",
				);
				MARKETING_VERSION = 1.0;
				PRODUCT_BUNDLE_IDENTIFIER = "kr.ac.mj-kr.MovieApp";
				PRODUCT_NAME = "$(TARGET_NAME)";
				SWIFT_EMIT_LOC_STRINGS = YES;
				SWIFT_VERSION = 5.0;
				TARGETED_DEVICE_FAMILY = 1;
			};
			name = Debug;
		};
		AFFEA8872C35272300A904DE /* Release */ = {
			isa = XCBuildConfiguration;
			buildSettings = {
				ASSETCATALOG_COMPILER_APPICON_NAME = AppIcon;
				ASSETCATALOG_COMPILER_GLOBAL_ACCENT_COLOR_NAME = AccentColor;
				CODE_SIGN_STYLE = Automatic;
				CURRENT_PROJECT_VERSION = 1;
				DEVELOPMENT_TEAM = L4A37PA37L;
				GENERATE_INFOPLIST_FILE = YES;
				INFOPLIST_FILE = MovieApp/Info.plist;
				INFOPLIST_KEY_UIApplicationSupportsIndirectInputEvents = YES;
				INFOPLIST_KEY_UILaunchStoryboardName = LaunchScreen;
				INFOPLIST_KEY_UIMainStoryboardFile = Main;
				INFOPLIST_KEY_UISupportedInterfaceOrientations_iPad = "UIInterfaceOrientationPortrait UIInterfaceOrientationPortraitUpsideDown UIInterfaceOrientationLandscapeLeft UIInterfaceOrientationLandscapeRight";
				INFOPLIST_KEY_UISupportedInterfaceOrientations_iPhone = "UIInterfaceOrientationPortrait UIInterfaceOrientationLandscapeLeft UIInterfaceOrientationLandscapeRight";
				LD_RUNPATH_SEARCH_PATHS = (
					"$(inherited)",
					"@executable_path/Frameworks",
				);
				MARKETING_VERSION = 1.0;
				PRODUCT_BUNDLE_IDENTIFIER = "kr.ac.mj-kr.MovieApp";
				PRODUCT_NAME = "$(TARGET_NAME)";
				SWIFT_EMIT_LOC_STRINGS = YES;
				SWIFT_VERSION = 5.0;
				TARGETED_DEVICE_FAMILY = 1;
			};
			name = Release;
		};
/* End XCBuildConfiguration section */

/* Begin XCConfigurationList section */
		AFFEA86C2C35272100A904DE /* Build configuration list for PBXProject "MovieApp" */ = {
			isa = XCConfigurationList;
			buildConfigurations = (
				AFFEA8832C35272300A904DE /* Debug */,
				AFFEA8842C35272300A904DE /* Release */,
			);
			defaultConfigurationIsVisible = 0;
			defaultConfigurationName = Release;
		};
		AFFEA8852C35272300A904DE /* Build configuration list for PBXNativeTarget "MovieApp" */ = {
			isa = XCConfigurationList;
			buildConfigurations = (
				AFFEA8862C35272300A904DE /* Debug */,
				AFFEA8872C35272300A904DE /* Release */,
			);
			defaultConfigurationIsVisible = 0;
			defaultConfigurationName = Release;
		};
/* End XCConfigurationList section */
	};
	rootObject = AFFEA8692C35272100A904DE /* Project object */;
}
